
Microsoft Visual Studio Solution File, Format Version 12.00
# Visual Studio Version 17
VisualStudioVersion = 17.11.35312.102
MinimumVisualStudioVersion = 10.0.40219.1
Project("{2150E333-8FDC-42A3-9474-1A3956D46DE8}") = "E1Cilindro", "E1Cilindro", "{B6B0F6F0-F332-49F2-9FBF-06006B9EE11E}"
EndProject
Project("{9A19103F-16F7-4668-BE54-9A1E7A4F7556}") = "E1.Consola", "E1.Consola\E1.Consola.csproj", "{8E8AABC4-99C2-4CEF-A36B-1962EA333317}"
EndProject
Project("{9A19103F-16F7-4668-BE54-9A1E7A4F7556}") = "E1.Entidades", "E1.Entidades\E1.Entidades.csproj", "{6E6A0BB8-E5C7-416A-86E9-2EDD25CC31D8}"
EndProject
Project("{2150E333-8FDC-42A3-9474-1A3956D46DE8}") = "E2ValidarPrimo", "E2ValidarPrimo", "{C3CB4670-8EE1-4C64-BB61-36FF630EA26E}"
EndProject
Project("{9A19103F-16F7-4668-BE54-9A1E7A4F7556}") = "E2.Consola", "E2.Consola\E2.Consola.csproj", "{C63515A3-CE70-4377-8EB0-020787120861}"
EndProject
Project("{9A19103F-16F7-4668-BE54-9A1E7A4F7556}") = "E2.Entidades", "E2.Entidades\E2.Entidades.csproj", "{4187D3BF-934D-42D9-A94F-A093443078B2}"
EndProject
Project("{2150E333-8FDC-42A3-9474-1A3956D46DE8}") = "E3NumRealNumComplejo", "E3NumRealNumComplejo", "{2EBC4D88-664E-4D7C-874B-24CF3D8E64C9}"
EndProject
Project("{9A19103F-16F7-4668-BE54-9A1E7A4F7556}") = "E3.Consola", "E3.Consola\E3.Consola.csproj", "{64781740-AFBA-4836-828B-51335FE83149}"
EndProject
Project("{9A19103F-16F7-4668-BE54-9A1E7A4F7556}") = "E3.Entidades", "E3.Entidades\E3.Entidades.csproj", "{8DEE356F-3FDD-4637-A257-64FA5FD8153A}"
EndProject
Project("{9A19103F-16F7-4668-BE54-9A1E7A4F7556}") = "ConsoleHelper", "ConsoleExtensions\ConsoleHelper.csproj", "{3338EDA5-A119-47F6-B9C9-B0AD0BADD9AB}"
EndProject
Project("{2150E333-8FDC-42A3-9474-1A3956D46DE8}") = "E4NumHarshad", "E4NumHarshad", "{AA19020C-12A2-4329-8179-64F3B27941BC}"
EndProject
Project("{9A19103F-16F7-4668-BE54-9A1E7A4F7556}") = "E4.Entidades", "E4.Entidades\E4.Entidades.csproj", "{648DF88F-08E2-4333-AF1C-59D0D7DABF7D}"
EndProject
Project("{9A19103F-16F7-4668-BE54-9A1E7A4F7556}") = "E4.Datos", "E4.Datos\E4.Datos.csproj", "{955BB36D-06CB-474D-8A7C-6020DEE30220}"
EndProject
Project("{FAE04EC0-301F-11D3-BF4B-00C04F79EFBC}") = "E4.Consola", "E4.Consola\E4.Consola.csproj", "{83866105-676C-482C-B99D-5F9BE0C43857}"
EndProject
Global
	GlobalSection(SolutionConfigurationPlatforms) = preSolution
		Debug|Any CPU = Debug|Any CPU
		Release|Any CPU = Release|Any CPU
	EndGlobalSection
	GlobalSection(ProjectConfigurationPlatforms) = postSolution
		{8E8AABC4-99C2-4CEF-A36B-1962EA333317}.Debug|Any CPU.ActiveCfg = Debug|Any CPU
		{8E8AABC4-99C2-4CEF-A36B-1962EA333317}.Debug|Any CPU.Build.0 = Debug|Any CPU
		{8E8AABC4-99C2-4CEF-A36B-1962EA333317}.Release|Any CPU.ActiveCfg = Release|Any CPU
		{8E8AABC4-99C2-4CEF-A36B-1962EA333317}.Release|Any CPU.Build.0 = Release|Any CPU
		{6E6A0BB8-E5C7-416A-86E9-2EDD25CC31D8}.Debug|Any CPU.ActiveCfg = Debug|Any CPU
		{6E6A0BB8-E5C7-416A-86E9-2EDD25CC31D8}.Debug|Any CPU.Build.0 = Debug|Any CPU
		{6E6A0BB8-E5C7-416A-86E9-2EDD25CC31D8}.Release|Any CPU.ActiveCfg = Release|Any CPU
		{6E6A0BB8-E5C7-416A-86E9-2EDD25CC31D8}.Release|Any CPU.Build.0 = Release|Any CPU
		{C63515A3-CE70-4377-8EB0-020787120861}.Debug|Any CPU.ActiveCfg = Debug|Any CPU
		{C63515A3-CE70-4377-8EB0-020787120861}.Debug|Any CPU.Build.0 = Debug|Any CPU
		{C63515A3-CE70-4377-8EB0-020787120861}.Release|Any CPU.ActiveCfg = Release|Any CPU
		{C63515A3-CE70-4377-8EB0-020787120861}.Release|Any CPU.Build.0 = Release|Any CPU
		{4187D3BF-934D-42D9-A94F-A093443078B2}.Debug|Any CPU.ActiveCfg = Debug|Any CPU
		{4187D3BF-934D-42D9-A94F-A093443078B2}.Debug|Any CPU.Build.0 = Debug|Any CPU
		{4187D3BF-934D-42D9-A94F-A093443078B2}.Release|Any CPU.ActiveCfg = Release|Any CPU
		{4187D3BF-934D-42D9-A94F-A093443078B2}.Release|Any CPU.Build.0 = Release|Any CPU
		{64781740-AFBA-4836-828B-51335FE83149}.Debug|Any CPU.ActiveCfg = Debug|Any CPU
		{64781740-AFBA-4836-828B-51335FE83149}.Debug|Any CPU.Build.0 = Debug|Any CPU
		{64781740-AFBA-4836-828B-51335FE83149}.Release|Any CPU.ActiveCfg = Release|Any CPU
		{64781740-AFBA-4836-828B-51335FE83149}.Release|Any CPU.Build.0 = Release|Any CPU
		{8DEE356F-3FDD-4637-A257-64FA5FD8153A}.Debug|Any CPU.ActiveCfg = Debug|Any CPU
		{8DEE356F-3FDD-4637-A257-64FA5FD8153A}.Debug|Any CPU.Build.0 = Debug|Any CPU
		{8DEE356F-3FDD-4637-A257-64FA5FD8153A}.Release|Any CPU.ActiveCfg = Release|Any CPU
		{8DEE356F-3FDD-4637-A257-64FA5FD8153A}.Release|Any CPU.Build.0 = Release|Any CPU
		{3338EDA5-A119-47F6-B9C9-B0AD0BADD9AB}.Debug|Any CPU.ActiveCfg = Debug|Any CPU
		{3338EDA5-A119-47F6-B9C9-B0AD0BADD9AB}.Debug|Any CPU.Build.0 = Debug|Any CPU
		{3338EDA5-A119-47F6-B9C9-B0AD0BADD9AB}.Release|Any CPU.ActiveCfg = Release|Any CPU
		{3338EDA5-A119-47F6-B9C9-B0AD0BADD9AB}.Release|Any CPU.Build.0 = Release|Any CPU
		{648DF88F-08E2-4333-AF1C-59D0D7DABF7D}.Debug|Any CPU.ActiveCfg = Debug|Any CPU
		{648DF88F-08E2-4333-AF1C-59D0D7DABF7D}.Debug|Any CPU.Build.0 = Debug|Any CPU
		{648DF88F-08E2-4333-AF1C-59D0D7DABF7D}.Release|Any CPU.ActiveCfg = Release|Any CPU
		{648DF88F-08E2-4333-AF1C-59D0D7DABF7D}.Release|Any CPU.Build.0 = Release|Any CPU
		{955BB36D-06CB-474D-8A7C-6020DEE30220}.Debug|Any CPU.ActiveCfg = Debug|Any CPU
		{955BB36D-06CB-474D-8A7C-6020DEE30220}.Debug|Any CPU.Build.0 = Debug|Any CPU
		{955BB36D-06CB-474D-8A7C-6020DEE30220}.Release|Any CPU.ActiveCfg = Release|Any CPU
		{955BB36D-06CB-474D-8A7C-6020DEE30220}.Release|Any CPU.Build.0 = Release|Any CPU
		{83866105-676C-482C-B99D-5F9BE0C43857}.Debug|Any CPU.ActiveCfg = Debug|Any CPU
		{83866105-676C-482C-B99D-5F9BE0C43857}.Debug|Any CPU.Build.0 = Debug|Any CPU
		{83866105-676C-482C-B99D-5F9BE0C43857}.Release|Any CPU.ActiveCfg = Release|Any CPU
		{83866105-676C-482C-B99D-5F9BE0C43857}.Release|Any CPU.Build.0 = Release|Any CPU
	EndGlobalSection
	GlobalSection(SolutionProperties) = preSolution
		HideSolutionNode = FALSE
	EndGlobalSection
	GlobalSection(NestedProjects) = preSolution
		{8E8AABC4-99C2-4CEF-A36B-1962EA333317} = {B6B0F6F0-F332-49F2-9FBF-06006B9EE11E}
		{6E6A0BB8-E5C7-416A-86E9-2EDD25CC31D8} = {B6B0F6F0-F332-49F2-9FBF-06006B9EE11E}
		{C63515A3-CE70-4377-8EB0-020787120861} = {C3CB4670-8EE1-4C64-BB61-36FF630EA26E}
		{4187D3BF-934D-42D9-A94F-A093443078B2} = {C3CB4670-8EE1-4C64-BB61-36FF630EA26E}
		{64781740-AFBA-4836-828B-51335FE83149} = {2EBC4D88-664E-4D7C-874B-24CF3D8E64C9}
		{8DEE356F-3FDD-4637-A257-64FA5FD8153A} = {2EBC4D88-664E-4D7C-874B-24CF3D8E64C9}
		{648DF88F-08E2-4333-AF1C-59D0D7DABF7D} = {AA19020C-12A2-4329-8179-64F3B27941BC}
		{955BB36D-06CB-474D-8A7C-6020DEE30220} = {AA19020C-12A2-4329-8179-64F3B27941BC}
		{83866105-676C-482C-B99D-5F9BE0C43857} = {AA19020C-12A2-4329-8179-64F3B27941BC}
	EndGlobalSection
	GlobalSection(ExtensibilityGlobals) = postSolution
		SolutionGuid = {2C0312CE-5594-4495-A0E0-61B98B8DD779}
	EndGlobalSection
EndGlobal
